
Microsoft Visual Studio Solution File, Format Version 12.00
# Visual Studio 2013
VisualStudioVersion = 12.0.21005.1
MinimumVisualStudioVersion = 10.0.40219.1
Project("{8BC9CEB8-8B4A-11D0-8D11-00A0C91BC942}") = "soundControl", "soundControl\soundControl.vcxproj", "{816AECF8-922B-4EDD-8999-818FCFD71842}"
EndProject
Project("{8BC9CEB8-8B4A-11D0-8D11-00A0C91BC942}") = "client", "client\client.vcxproj", "{8577C4DD-C2C3-4BDD-A41D-CE0BB5F926A8}"
EndProject
Global
	GlobalSection(SolutionConfigurationPlatforms) = preSolution
		Debug|Win32 = Debug|Win32
		Release|Win32 = Release|Win32
	EndGlobalSection
	GlobalSection(ProjectConfigurationPlatforms) = postSolution
		{816AECF8-922B-4EDD-8999-818FCFD71842}.Debug|Win32.ActiveCfg = Debug|Win32
		{816AECF8-922B-4EDD-8999-818FCFD71842}.Debug|Win32.Build.0 = Debug|Win32
		{816AECF8-922B-4EDD-8999-818FCFD71842}.Release|Win32.ActiveCfg = Release|Win32
		{816AECF8-922B-4EDD-8999-818FCFD71842}.Release|Win32.Build.0 = Release|Win32
		{8577C4DD-C2C3-4BDD-A41D-CE0BB5F926A8}.Debug|Win32.ActiveCfg = Debug|Win32
		{8577C4DD-C2C3-4BDD-A41D-CE0BB5F926A8}.Debug|Win32.Build.0 = Debug|Win32
		{8577C4DD-C2C3-4BDD-A41D-CE0BB5F926A8}.Release|Win32.ActiveCfg = Release|Win32
		{8577C4DD-C2C3-4BDD-A41D-CE0BB5F926A8}.Release|Win32.Build.0 = Release|Win32
	EndGlobalSection
	GlobalSection(SolutionProperties) = preSolution
		HideSolutionNode = FALSE
	EndGlobalSection
	GlobalSection(Performance) = preSolution
		HasPerformanceSessions = true
	EndGlobalSection
EndGlobal
